
Microsoft Visual Studio Solution File, Format Version 12.00
# Visual Studio Version 16
VisualStudioVersion = 16.0.31829.152
MinimumVisualStudioVersion = 10.0.40219.1
Project("{FAE04EC0-301F-11D3-BF4B-00C04F79EFBC}") = "MyCustomValidation", "MyCustomValidation\MyCustomValidation.csproj", "{EA1519E9-DF74-490B-9D13-1B908B806921}"
EndProject
Global
	GlobalSection(SolutionConfigurationPlatforms) = preSolution
		Debug|Any CPU = Debug|Any CPU
		Release|Any CPU = Release|Any CPU
	EndGlobalSection
	GlobalSection(ProjectConfigurationPlatforms) = postSolution
		{EA1519E9-DF74-490B-9D13-1B908B806921}.Debug|Any CPU.ActiveCfg = Debug|Any CPU
		{EA1519E9-DF74-490B-9D13-1B908B806921}.Debug|Any CPU.Build.0 = Debug|Any CPU
		{EA1519E9-DF74-490B-9D13-1B908B806921}.Release|Any CPU.ActiveCfg = Release|Any CPU
		{EA1519E9-DF74-490B-9D13-1B908B806921}.Release|Any CPU.Build.0 = Release|Any CPU
	EndGlobalSection
	GlobalSection(SolutionProperties) = preSolution
		HideSolutionNode = FALSE
	EndGlobalSection
	GlobalSection(ExtensibilityGlobals) = postSolution
		SolutionGuid = {0FB27391-F3FA-435B-AA7A-FF760B704D53}
	EndGlobalSection
EndGlobal
